
Microsoft Visual Studio Solution File, Format Version 12.00
# Visual Studio Version 16
VisualStudioVersion = 16.0.34031.81
MinimumVisualStudioVersion = 10.0.40219.1
Project("{FAE04EC0-301F-11D3-BF4B-00C04F79EFBC}") = "juego_parejas_barron", "juego_parejas_barron\juego_parejas_barron.csproj", "{35E78584-FA35-405D-B758-49910C4B824B}"
EndProject
Global
	GlobalSection(SolutionConfigurationPlatforms) = preSolution
		Debug|Any CPU = Debug|Any CPU
		Release|Any CPU = Release|Any CPU
	EndGlobalSection
	GlobalSection(ProjectConfigurationPlatforms) = postSolution
		{35E78584-FA35-405D-B758-49910C4B824B}.Debug|Any CPU.ActiveCfg = Debug|Any CPU
		{35E78584-FA35-405D-B758-49910C4B824B}.Debug|Any CPU.Build.0 = Debug|Any CPU
		{35E78584-FA35-405D-B758-49910C4B824B}.Release|Any CPU.ActiveCfg = Release|Any CPU
		{35E78584-FA35-405D-B758-49910C4B824B}.Release|Any CPU.Build.0 = Release|Any CPU
	EndGlobalSection
	GlobalSection(SolutionProperties) = preSolution
		HideSolutionNode = FALSE
	EndGlobalSection
	GlobalSection(ExtensibilityGlobals) = postSolution
		SolutionGuid = {6D7B95D3-DB67-4043-A6E1-A83CA0AE24C1}
	EndGlobalSection
EndGlobal
